
Microsoft Visual Studio Solution File, Format Version 12.00
# Visual Studio Version 17
VisualStudioVersion = 17.8.34408.163
MinimumVisualStudioVersion = 10.0.40219.1
Project("{FAE04EC0-301F-11D3-BF4B-00C04F79EFBC}") = "TaskManager.Infra", "TaskManager.Infra\TaskManager.Infra.csproj", "{60A32229-070B-4D91-9DD8-C21CDF16B81E}"
EndProject
Project("{FAE04EC0-301F-11D3-BF4B-00C04F79EFBC}") = "TaskManager.Data", "TaskManager.Data\TaskManager.Data.csproj", "{936FA7CE-0606-4A4C-A7F2-43C498B7AC0E}"
EndProject
Project("{FAE04EC0-301F-11D3-BF4B-00C04F79EFBC}") = "TaskManager.Logic", "TaskManager.Logic\TaskManager.Logic.csproj", "{57C90397-9C3E-433B-9FAB-DB77DEC33E3A}"
EndProject
Project("{FAE04EC0-301F-11D3-BF4B-00C04F79EFBC}") = "TaskManager.React", "TaskManager.React\TaskManager.React.csproj", "{4048EB87-B396-40ED-858B-A99B370372AE}"
EndProject
Project("{FAE04EC0-301F-11D3-BF4B-00C04F79EFBC}") = "TaskManager.APIServer", "TaskManager.APIServer\TaskManager.APIServer.csproj", "{C691E94D-1408-4A78-81BC-0D2D6A01364A}"
EndProject
Project("{2150E333-8FDC-42A3-9474-1A3956D46DE8}") = "Tools", "Tools", "{02EA681E-C7D8-13C7-8484-4AC65E1B71E8}"
	ProjectSection(SolutionItems) = preProject
		docker-commands.txt = docker-commands.txt
		docker-compose.yml = docker-compose.yml
		ef - make migration file.bat = ef - make migration file.bat
	EndProjectSection
EndProject
Project("{FAE04EC0-301F-11D3-BF4B-00C04F79EFBC}") = "TaskManager.MVC", "TaskManager.MVC\TaskManager.MVC.csproj", "{1B820D38-97EF-2E0F-B171-C14CC97391AB}"
EndProject
Global
	GlobalSection(SolutionConfigurationPlatforms) = preSolution
		Debug|Any CPU = Debug|Any CPU
		Debug|x64 = Debug|x64
		Debug|x86 = Debug|x86
		Release|Any CPU = Release|Any CPU
		Release|x64 = Release|x64
		Release|x86 = Release|x86
	EndGlobalSection
	GlobalSection(ProjectConfigurationPlatforms) = postSolution
		{60A32229-070B-4D91-9DD8-C21CDF16B81E}.Debug|Any CPU.ActiveCfg = Debug|Any CPU
		{60A32229-070B-4D91-9DD8-C21CDF16B81E}.Debug|Any CPU.Build.0 = Debug|Any CPU
		{60A32229-070B-4D91-9DD8-C21CDF16B81E}.Debug|x64.ActiveCfg = Debug|Any CPU
		{60A32229-070B-4D91-9DD8-C21CDF16B81E}.Debug|x64.Build.0 = Debug|Any CPU
		{60A32229-070B-4D91-9DD8-C21CDF16B81E}.Debug|x86.ActiveCfg = Debug|Any CPU
		{60A32229-070B-4D91-9DD8-C21CDF16B81E}.Debug|x86.Build.0 = Debug|Any CPU
		{60A32229-070B-4D91-9DD8-C21CDF16B81E}.Release|Any CPU.ActiveCfg = Release|Any CPU
		{60A32229-070B-4D91-9DD8-C21CDF16B81E}.Release|Any CPU.Build.0 = Release|Any CPU
		{60A32229-070B-4D91-9DD8-C21CDF16B81E}.Release|x64.ActiveCfg = Release|Any CPU
		{60A32229-070B-4D91-9DD8-C21CDF16B81E}.Release|x64.Build.0 = Release|Any CPU
		{60A32229-070B-4D91-9DD8-C21CDF16B81E}.Release|x86.ActiveCfg = Release|Any CPU
		{60A32229-070B-4D91-9DD8-C21CDF16B81E}.Release|x86.Build.0 = Release|Any CPU
		{936FA7CE-0606-4A4C-A7F2-43C498B7AC0E}.Debug|Any CPU.ActiveCfg = Debug|Any CPU
		{936FA7CE-0606-4A4C-A7F2-43C498B7AC0E}.Debug|Any CPU.Build.0 = Debug|Any CPU
		{936FA7CE-0606-4A4C-A7F2-43C498B7AC0E}.Debug|x64.ActiveCfg = Debug|Any CPU
		{936FA7CE-0606-4A4C-A7F2-43C498B7AC0E}.Debug|x64.Build.0 = Debug|Any CPU
		{936FA7CE-0606-4A4C-A7F2-43C498B7AC0E}.Debug|x86.ActiveCfg = Debug|Any CPU
		{936FA7CE-0606-4A4C-A7F2-43C498B7AC0E}.Debug|x86.Build.0 = Debug|Any CPU
		{936FA7CE-0606-4A4C-A7F2-43C498B7AC0E}.Release|Any CPU.ActiveCfg = Release|Any CPU
		{936FA7CE-0606-4A4C-A7F2-43C498B7AC0E}.Release|Any CPU.Build.0 = Release|Any CPU
		{936FA7CE-0606-4A4C-A7F2-43C498B7AC0E}.Release|x64.ActiveCfg = Release|Any CPU
		{936FA7CE-0606-4A4C-A7F2-43C498B7AC0E}.Release|x64.Build.0 = Release|Any CPU
		{936FA7CE-0606-4A4C-A7F2-43C498B7AC0E}.Release|x86.ActiveCfg = Release|Any CPU
		{936FA7CE-0606-4A4C-A7F2-43C498B7AC0E}.Release|x86.Build.0 = Release|Any CPU
		{57C90397-9C3E-433B-9FAB-DB77DEC33E3A}.Debug|Any CPU.ActiveCfg = Debug|Any CPU
		{57C90397-9C3E-433B-9FAB-DB77DEC33E3A}.Debug|Any CPU.Build.0 = Debug|Any CPU
		{57C90397-9C3E-433B-9FAB-DB77DEC33E3A}.Debug|x64.ActiveCfg = Debug|Any CPU
		{57C90397-9C3E-433B-9FAB-DB77DEC33E3A}.Debug|x64.Build.0 = Debug|Any CPU
		{57C90397-9C3E-433B-9FAB-DB77DEC33E3A}.Debug|x86.ActiveCfg = Debug|Any CPU
		{57C90397-9C3E-433B-9FAB-DB77DEC33E3A}.Debug|x86.Build.0 = Debug|Any CPU
		{57C90397-9C3E-433B-9FAB-DB77DEC33E3A}.Release|Any CPU.ActiveCfg = Release|Any CPU
		{57C90397-9C3E-433B-9FAB-DB77DEC33E3A}.Release|Any CPU.Build.0 = Release|Any CPU
		{57C90397-9C3E-433B-9FAB-DB77DEC33E3A}.Release|x64.ActiveCfg = Release|Any CPU
		{57C90397-9C3E-433B-9FAB-DB77DEC33E3A}.Release|x64.Build.0 = Release|Any CPU
		{57C90397-9C3E-433B-9FAB-DB77DEC33E3A}.Release|x86.ActiveCfg = Release|Any CPU
		{57C90397-9C3E-433B-9FAB-DB77DEC33E3A}.Release|x86.Build.0 = Release|Any CPU
		{4048EB87-B396-40ED-858B-A99B370372AE}.Debug|Any CPU.ActiveCfg = Debug|Any CPU
		{4048EB87-B396-40ED-858B-A99B370372AE}.Debug|x64.ActiveCfg = Debug|Any CPU
		{4048EB87-B396-40ED-858B-A99B370372AE}.Debug|x64.Build.0 = Debug|Any CPU
		{4048EB87-B396-40ED-858B-A99B370372AE}.Debug|x86.ActiveCfg = Debug|Any CPU
		{4048EB87-B396-40ED-858B-A99B370372AE}.Debug|x86.Build.0 = Debug|Any CPU
		{4048EB87-B396-40ED-858B-A99B370372AE}.Release|Any CPU.ActiveCfg = Release|Any CPU
		{4048EB87-B396-40ED-858B-A99B370372AE}.Release|Any CPU.Build.0 = Release|Any CPU
		{4048EB87-B396-40ED-858B-A99B370372AE}.Release|x64.ActiveCfg = Release|Any CPU
		{4048EB87-B396-40ED-858B-A99B370372AE}.Release|x64.Build.0 = Release|Any CPU
		{4048EB87-B396-40ED-858B-A99B370372AE}.Release|x86.ActiveCfg = Release|Any CPU
		{4048EB87-B396-40ED-858B-A99B370372AE}.Release|x86.Build.0 = Release|Any CPU
		{C691E94D-1408-4A78-81BC-0D2D6A01364A}.Debug|Any CPU.ActiveCfg = Debug|Any CPU
		{C691E94D-1408-4A78-81BC-0D2D6A01364A}.Debug|Any CPU.Build.0 = Debug|Any CPU
		{C691E94D-1408-4A78-81BC-0D2D6A01364A}.Debug|x64.ActiveCfg = Debug|Any CPU
		{C691E94D-1408-4A78-81BC-0D2D6A01364A}.Debug|x64.Build.0 = Debug|Any CPU
		{C691E94D-1408-4A78-81BC-0D2D6A01364A}.Debug|x86.ActiveCfg = Debug|Any CPU
		{C691E94D-1408-4A78-81BC-0D2D6A01364A}.Debug|x86.Build.0 = Debug|Any CPU
		{C691E94D-1408-4A78-81BC-0D2D6A01364A}.Release|Any CPU.ActiveCfg = Release|Any CPU
		{C691E94D-1408-4A78-81BC-0D2D6A01364A}.Release|Any CPU.Build.0 = Release|Any CPU
		{C691E94D-1408-4A78-81BC-0D2D6A01364A}.Release|x64.ActiveCfg = Release|Any CPU
		{C691E94D-1408-4A78-81BC-0D2D6A01364A}.Release|x64.Build.0 = Release|Any CPU
		{C691E94D-1408-4A78-81BC-0D2D6A01364A}.Release|x86.ActiveCfg = Release|Any CPU
		{C691E94D-1408-4A78-81BC-0D2D6A01364A}.Release|x86.Build.0 = Release|Any CPU
		{1B820D38-97EF-2E0F-B171-C14CC97391AB}.Debug|Any CPU.ActiveCfg = Debug|Any CPU
		{1B820D38-97EF-2E0F-B171-C14CC97391AB}.Debug|Any CPU.Build.0 = Debug|Any CPU
		{1B820D38-97EF-2E0F-B171-C14CC97391AB}.Debug|x64.ActiveCfg = Debug|Any CPU
		{1B820D38-97EF-2E0F-B171-C14CC97391AB}.Debug|x64.Build.0 = Debug|Any CPU
		{1B820D38-97EF-2E0F-B171-C14CC97391AB}.Debug|x86.ActiveCfg = Debug|Any CPU
		{1B820D38-97EF-2E0F-B171-C14CC97391AB}.Debug|x86.Build.0 = Debug|Any CPU
		{1B820D38-97EF-2E0F-B171-C14CC97391AB}.Release|Any CPU.ActiveCfg = Release|Any CPU
		{1B820D38-97EF-2E0F-B171-C14CC97391AB}.Release|Any CPU.Build.0 = Release|Any CPU
		{1B820D38-97EF-2E0F-B171-C14CC97391AB}.Release|x64.ActiveCfg = Release|Any CPU
		{1B820D38-97EF-2E0F-B171-C14CC97391AB}.Release|x64.Build.0 = Release|Any CPU
		{1B820D38-97EF-2E0F-B171-C14CC97391AB}.Release|x86.ActiveCfg = Release|Any CPU
		{1B820D38-97EF-2E0F-B171-C14CC97391AB}.Release|x86.Build.0 = Release|Any CPU
	EndGlobalSection
	GlobalSection(SolutionProperties) = preSolution
		HideSolutionNode = FALSE
	EndGlobalSection
	GlobalSection(ExtensibilityGlobals) = postSolution
		SolutionGuid = {447A5C22-8501-430F-9615-7ACDF5C54464}
	EndGlobalSection
EndGlobal
